// !$*UTF8*$!
{
	archiveVersion = 1;
	classes = {
	};
	objectVersion = 46;
	objects = {

/* Begin PBXBuildFile section */
		F2D1C33C1E65B6DE001F6BC2 /* AppDelegate.swift in Sources */ = {isa = PBXBuildFile; fileRef = F2D1C33B1E65B6DE001F6BC2 /* AppDelegate.swift */; };
		F2D1C33E1E65B6DE001F6BC2 /* ViewController.swift in Sources */ = {isa = PBXBuildFile; fileRef = F2D1C33D1E65B6DE001F6BC2 /* ViewController.swift */; };
		F2D1C3411E65B6DE001F6BC2 /* Main.storyboard in Resources */ = {isa = PBXBuildFile; fileRef = F2D1C33F1E65B6DE001F6BC2 /* Main.storyboard */; };
		F2D1C3431E65B6DE001F6BC2 /* Assets.xcassets in Resources */ = {isa = PBXBuildFile; fileRef = F2D1C3421E65B6DE001F6BC2 /* Assets.xcassets */; };
		F2D1C3461E65B6DE001F6BC2 /* LaunchScreen.storyboard in Resources */ = {isa = PBXBuildFile; fileRef = F2D1C3441E65B6DE001F6BC2 /* LaunchScreen.storyboard */; };
		F2D1C3511E65B6DE001F6BC2 /* UnitTestingStudyPointExerciseTests.swift in Sources */ = {isa = PBXBuildFile; fileRef = F2D1C3501E65B6DE001F6BC2 /* UnitTestingStudyPointExerciseTests.swift */; };
		F2D1C35C1E661FC2001F6BC2 /* ViewController2.swift in Sources */ = {isa = PBXBuildFile; fileRef = F2D1C35B1E661FC2001F6BC2 /* ViewController2.swift */; };
		F2D1C35E1E6621EC001F6BC2 /* ReimbursementTestCase.swift in Sources */ = {isa = PBXBuildFile; fileRef = F2D1C35D1E6621EC001F6BC2 /* ReimbursementTestCase.swift */; };
/* End PBXBuildFile section */

/* Begin PBXContainerItemProxy section */
		F2D1C34D1E65B6DE001F6BC2 /* PBXContainerItemProxy */ = {
			isa = PBXContainerItemProxy;
			containerPortal = F2D1C3301E65B6DD001F6BC2 /* Project object */;
			proxyType = 1;
			remoteGlobalIDString = F2D1C3371E65B6DE001F6BC2;
			remoteInfo = UnitTestingStudyPointExercise;
		};
/* End PBXContainerItemProxy section */

/* Begin PBXFileReference section */
		F2D1C3381E65B6DE001F6BC2 /* UnitTestingStudyPointExercise.app */ = {isa = PBXFileReference; explicitFileType = wrapper.application; includeInIndex = 0; path = UnitTestingStudyPointExercise.app; sourceTree = BUILT_PRODUCTS_DIR; };
		F2D1C33B1E65B6DE001F6BC2 /* AppDelegate.swift */ = {isa = PBXFileReference; lastKnownFileType = sourcecode.swift; path = AppDelegate.swift; sourceTree = "<group>"; };
		F2D1C33D1E65B6DE001F6BC2 /* ViewController.swift */ = {isa = PBXFileReference; lastKnownFileType = sourcecode.swift; path = ViewController.swift; sourceTree = "<group>"; };
		F2D1C3401E65B6DE001F6BC2 /* Base */ = {isa = PBXFileReference; lastKnownFileType = file.storyboard; name = Base; path = Base.lproj/Main.storyboard; sourceTree = "<group>"; };
		F2D1C3421E65B6DE001F6BC2 /* Assets.xcassets */ = {isa = PBXFileReference; lastKnownFileType = folder.assetcatalog; path = Assets.xcassets; sourceTree = "<group>"; };
		F2D1C3451E65B6DE001F6BC2 /* Base */ = {isa = PBXFileReference; lastKnownFileType = file.storyboard; name = Base; path = Base.lproj/LaunchScreen.storyboard; sourceTree = "<group>"; };
		F2D1C3471E65B6DE001F6BC2 /* Info.plist */ = {isa = PBXFileReference; lastKnownFileType = text.plist.xml; path = Info.plist; sourceTree = "<group>"; };
		F2D1C34C1E65B6DE001F6BC2 /* UnitTestingStudyPointExerciseTests.xctest */ = {isa = PBXFileReference; explicitFileType = wrapper.cfbundle; includeInIndex = 0; path = UnitTestingStudyPointExerciseTests.xctest; sourceTree = BUILT_PRODUCTS_DIR; };
		F2D1C3501E65B6DE001F6BC2 /* UnitTestingStudyPointExerciseTests.swift */ = {isa = PBXFileReference; lastKnownFileType = sourcecode.swift; path = UnitTestingStudyPointExerciseTests.swift; sourceTree = "<group>"; };
		F2D1C3521E65B6DE001F6BC2 /* Info.plist */ = {isa = PBXFileReference; lastKnownFileType = text.plist.xml; path = Info.plist; sourceTree = "<group>"; };
		F2D1C35B1E661FC2001F6BC2 /* ViewController2.swift */ = {isa = PBXFileReference; fileEncoding = 4; lastKnownFileType = sourcecode.swift; path = ViewController2.swift; sourceTree = "<group>"; };
		F2D1C35D1E6621EC001F6BC2 /* ReimbursementTestCase.swift */ = {isa = PBXFileReference; fileEncoding = 4; lastKnownFileType = sourcecode.swift; path = ReimbursementTestCase.swift; sourceTree = "<group>"; };
/* End PBXFileReference section */

/* Begin PBXFrameworksBuildPhase section */
		F2D1C3351E65B6DE001F6BC2 /* Frameworks */ = {
			isa = PBXFrameworksBuildPhase;
			buildActionMask = 2147483647;
			files = (
			);
			runOnlyForDeploymentPostprocessing = 0;
		};
		F2D1C3491E65B6DE001F6BC2 /* Frameworks */ = {
			isa = PBXFrameworksBuildPhase;
			buildActionMask = 2147483647;
			files = (
			);
			runOnlyForDeploymentPostprocessing = 0;
		};
/* End PBXFrameworksBuildPhase section */

/* Begin PBXGroup section */
		F2D1C32F1E65B6DD001F6BC2 = {
			isa = PBXGroup;
			children = (
				F2D1C33A1E65B6DE001F6BC2 /* UnitTestingStudyPointExercise */,
				F2D1C34F1E65B6DE001F6BC2 /* UnitTestingStudyPointExerciseTests */,
				F2D1C3391E65B6DE001F6BC2 /* Products */,
			);
			sourceTree = "<group>";
		};
		F2D1C3391E65B6DE001F6BC2 /* Products */ = {
			isa = PBXGroup;
			children = (
				F2D1C3381E65B6DE001F6BC2 /* UnitTestingStudyPointExercise.app */,
				F2D1C34C1E65B6DE001F6BC2 /* UnitTestingStudyPointExerciseTests.xctest */,
			);
			name = Products;
			sourceTree = "<group>";
		};
		F2D1C33A1E65B6DE001F6BC2 /* UnitTestingStudyPointExercise */ = {
			isa = PBXGroup;
			children = (
				F2D1C33B1E65B6DE001F6BC2 /* AppDelegate.swift */,
				F2D1C33D1E65B6DE001F6BC2 /* ViewController.swift */,
				F2D1C35B1E661FC2001F6BC2 /* ViewController2.swift */,
				F2D1C33F1E65B6DE001F6BC2 /* Main.storyboard */,
				F2D1C3421E65B6DE001F6BC2 /* Assets.xcassets */,
				F2D1C3441E65B6DE001F6BC2 /* LaunchScreen.storyboard */,
				F2D1C3471E65B6DE001F6BC2 /* Info.plist */,
			);
			path = UnitTestingStudyPointExercise;
			sourceTree = "<group>";
		};
		F2D1C34F1E65B6DE001F6BC2 /* UnitTestingStudyPointExerciseTests */ = {
			isa = PBXGroup;
			children = (
				F2D1C3501E65B6DE001F6BC2 /* UnitTestingStudyPointExerciseTests.swift */,
				F2D1C35D1E6621EC001F6BC2 /* ReimbursementTestCase.swift */,
				F2D1C3521E65B6DE001F6BC2 /* Info.plist */,
			);
			path = UnitTestingStudyPointExerciseTests;
			sourceTree = "<group>";
		};
/* End PBXGroup section */

/* Begin PBXNativeTarget section */
		F2D1C3371E65B6DE001F6BC2 /* UnitTestingStudyPointExercise */ = {
			isa = PBXNativeTarget;
			buildConfigurationList = F2D1C3551E65B6DE001F6BC2 /* Build configuration list for PBXNativeTarget "UnitTestingStudyPointExercise" */;
			buildPhases = (
				F2D1C3341E65B6DE001F6BC2 /* Sources */,
				F2D1C3351E65B6DE001F6BC2 /* Frameworks */,
				F2D1C3361E65B6DE001F6BC2 /* Resources */,
			);
			buildRules = (
			);
			dependencies = (
			);
			name = UnitTestingStudyPointExercise;
			productName = UnitTestingStudyPointExercise;
			productReference = F2D1C3381E65B6DE001F6BC2 /* UnitTestingStudyPointExercise.app */;
			productType = "com.apple.product-type.application";
		};
		F2D1C34B1E65B6DE001F6BC2 /* UnitTestingStudyPointExerciseTests */ = {
			isa = PBXNativeTarget;
			buildConfigurationList = F2D1C3581E65B6DE001F6BC2 /* Build configuration list for PBXNativeTarget "UnitTestingStudyPointExerciseTests" */;
			buildPhases = (
				F2D1C3481E65B6DE001F6BC2 /* Sources */,
				F2D1C3491E65B6DE001F6BC2 /* Frameworks */,
				F2D1C34A1E65B6DE001F6BC2 /* Resources */,
			);
			buildRules = (
			);
			dependencies = (
				F2D1C34E1E65B6DE001F6BC2 /* PBXTargetDependency */,
			);
			name = UnitTestingStudyPointExerciseTests;
			productName = UnitTestingStudyPointExerciseTests;
			productReference = F2D1C34C1E65B6DE001F6BC2 /* UnitTestingStudyPointExerciseTests.xctest */;
			productType = "com.apple.product-type.bundle.unit-test";
		};
/* End PBXNativeTarget section */

/* Begin PBXProject section */
		F2D1C3301E65B6DD001F6BC2 /* Project object */ = {
			isa = PBXProject;
			attributes = {
				LastSwiftUpdateCheck = 0820;
				LastUpgradeCheck = 0820;
				ORGANIZATIONNAME = "Emil Gräs";
				TargetAttributes = {
					F2D1C3371E65B6DE001F6BC2 = {
						CreatedOnToolsVersion = 8.2.1;
						ProvisioningStyle = Automatic;
					};
					F2D1C34B1E65B6DE001F6BC2 = {
						CreatedOnToolsVersion = 8.2.1;
						ProvisioningStyle = Automatic;
						TestTargetID = F2D1C3371E65B6DE001F6BC2;
					};
				};
			};
			buildConfigurationList = F2D1C3331E65B6DD001F6BC2 /* Build configuration list for PBXProject "UnitTestingStudyPointExercise" */;
			compatibilityVersion = "Xcode 3.2";
			developmentRegion = English;
			hasScannedForEncodings = 0;
			knownRegions = (
				en,
				Base,
			);
			mainGroup = F2D1C32F1E65B6DD001F6BC2;
			productRefGroup = F2D1C3391E65B6DE001F6BC2 /* Products */;
			projectDirPath = "";
			projectRoot = "";
			targets = (
				F2D1C3371E65B6DE001F6BC2 /* UnitTestingStudyPointExercise */,
				F2D1C34B1E65B6DE001F6BC2 /* UnitTestingStudyPointExerciseTests */,
			);
		};
/* End PBXProject section */

/* Begin PBXResourcesBuildPhase section */
		F2D1C3361E65B6DE001F6BC2 /* Resources */ = {
			isa = PBXResourcesBuildPhase;
			buildActionMask = 2147483647;
			files = (
				F2D1C3461E65B6DE001F6BC2 /* LaunchScreen.storyboard in Resources */,
				F2D1C3431E65B6DE001F6BC2 /* Assets.xcassets in Resources */,
				F2D1C3411E65B6DE001F6BC2 /* Main.storyboard in Resources */,
			);
			runOnlyForDeploymentPostprocessing = 0;
		};
		F2D1C34A1E65B6DE001F6BC2 /* Resources */ = {
			isa = PBXResourcesBuildPhase;
			buildActionMask = 2147483647;
			files = (
			);
			runOnlyForDeploymentPostprocessing = 0;
		};
/* End PBXResourcesBuildPhase section */

/* Begin PBXSourcesBuildPhase section */
		F2D1C3341E65B6DE001F6BC2 /* Sources */ = {
			isa = PBXSourcesBuildPhase;
			buildActionMask = 2147483647;
			files = (
				F2D1C33E1E65B6DE001F6BC2 /* ViewController.swift in Sources */,
				F2D1C33C1E65B6DE001F6BC2 /* AppDelegate.swift in Sources */,
				F2D1C35C1E661FC2001F6BC2 /* ViewController2.swift in Sources */,
			);
			runOnlyForDeploymentPostprocessing = 0;
		};
		F2D1C3481E65B6DE001F6BC2 /* Sources */ = {
			isa = PBXSourcesBuildPhase;
			buildActionMask = 2147483647;
			files = (
				F2D1C35E1E6621EC001F6BC2 /* ReimbursementTestCase.swift in Sources */,
				F2D1C3511E65B6DE001F6BC2 /* UnitTestingStudyPointExerciseTests.swift in Sources */,
			);
			runOnlyForDeploymentPostprocessing = 0;
		};
/* End PBXSourcesBuildPhase section */

/* Begin PBXTargetDependency section */
		F2D1C34E1E65B6DE001F6BC2 /* PBXTargetDependency */ = {
			isa = PBXTargetDependency;
			target = F2D1C3371E65B6DE001F6BC2 /* UnitTestingStudyPointExercise */;
			targetProxy = F2D1C34D1E65B6DE001F6BC2 /* PBXContainerItemProxy */;
		};
/* End PBXTargetDependency section */

/* Begin PBXVariantGroup section */
		F2D1C33F1E65B6DE001F6BC2 /* Main.storyboard */ = {
			isa = PBXVariantGroup;
			children = (
				F2D1C3401E65B6DE001F6BC2 /* Base */,
			);
			name = Main.storyboard;
			sourceTree = "<group>";
		};
		F2D1C3441E65B6DE001F6BC2 /* LaunchScreen.storyboard */ = {
			isa = PBXVariantGroup;
			children = (
				F2D1C3451E65B6DE001F6BC2 /* Base */,
			);
			name = LaunchScreen.storyboard;
			sourceTree = "<group>";
		};
/* End PBXVariantGroup section */

/* Begin XCBuildConfiguration section */
		F2D1C3531E65B6DE001F6BC2 /* Debug */ = {
			isa = XCBuildConfiguration;
			buildSettings = {
				ALWAYS_SEARCH_USER_PATHS = NO;
				CLANG_ANALYZER_NONNULL = YES;
				CLANG_CXX_LANGUAGE_STANDARD = "gnu++0x";
				CLANG_CXX_LIBRARY = "libc++";
				CLANG_ENABLE_MODULES = YES;
				CLANG_ENABLE_OBJC_ARC = YES;
				CLANG_WARN_BOOL_CONVERSION = YES;
				CLANG_WARN_CONSTANT_CONVERSION = YES;
				CLANG_WARN_DIRECT_OBJC_ISA_USAGE = YES_ERROR;
				CLANG_WARN_DOCUMENTATION_COMMENTS = YES;
				CLANG_WARN_EMPTY_BODY = YES;
				CLANG_WARN_ENUM_CONVERSION = YES;
				CLANG_WARN_INFINITE_RECURSION = YES;
				CLANG_WARN_INT_CONVERSION = YES;
				CLANG_WARN_OBJC_ROOT_CLASS = YES_ERROR;
				CLANG_WARN_SUSPICIOUS_MOVE = YES;
				CLANG_WARN_UNREACHABLE_CODE = YES;
				CLANG_WARN__DUPLICATE_METHOD_MATCH = YES;
				"CODE_SIGN_IDENTITY[sdk=iphoneos*]" = "iPhone Developer";
				COPY_PHASE_STRIP = NO;
				DEBUG_INFORMATION_FORMAT = dwarf;
				ENABLE_STRICT_OBJC_MSGSEND = YES;
				ENABLE_TESTABILITY = YES;
				GCC_C_LANGUAGE_STANDARD = gnu99;
				GCC_DYNAMIC_NO_PIC = NO;
				GCC_NO_COMMON_BLOCKS = YES;
				GCC_OPTIMIZATION_LEVEL = 0;
				GCC_PREPROCESSOR_DEFINITIONS = (
					"DEBUG=1",
					"$(inherited)",
				);
				GCC_WARN_64_TO_32_BIT_CONVERSION = YES;
				GCC_WARN_ABOUT_RETURN_TYPE = YES_ERROR;
				GCC_WARN_UNDECLARED_SELECTOR = YES;
				GCC_WARN_UNINITIALIZED_AUTOS = YES_AGGRESSIVE;
				GCC_WARN_UNUSED_FUNCTION = YES;
				GCC_WARN_UNUSED_VARIABLE = YES;
				IPHONEOS_DEPLOYMENT_TARGET = 10.2;
				MTL_ENABLE_DEBUG_INFO = YES;
				ONLY_ACTIVE_ARCH = YES;
				SDKROOT = iphoneos;
				SWIFT_ACTIVE_COMPILATION_CONDITIONS = DEBUG;
				SWIFT_OPTIMIZATION_LEVEL = "-Onone";
				TARGETED_DEVICE_FAMILY = "1,2";
			};
			name = Debug;
		};
		F2D1C3541E65B6DE001F6BC2 /* Release */ = {
			isa = XCBuildConfiguration;
			buildSettings = {
				ALWAYS_SEARCH_USER_PATHS = NO;
				CLANG_ANALYZER_NONNULL = YES;
				CLANG_CXX_LANGUAGE_STANDARD = "gnu++0x";
				CLANG_CXX_LIBRARY = "libc++";
				CLANG_ENABLE_MODULES = YES;
				CLANG_ENABLE_OBJC_ARC = YES;
				CLANG_WARN_BOOL_CONVERSION = YES;
				CLANG_WARN_CONSTANT_CONVERSION = YES;
				CLANG_WARN_DIRECT_OBJC_ISA_USAGE = YES_ERROR;
				CLANG_WARN_DOCUMENTATION_COMMENTS = YES;
				CLANG_WARN_EMPTY_BODY = YES;
				CLANG_WARN_ENUM_CONVERSION = YES;
				CLANG_WARN_INFINITE_RECURSION = YES;
				CLANG_WARN_INT_CONVERSION = YES;
				CLANG_WARN_OBJC_ROOT_CLASS = YES_ERROR;
				CLANG_WARN_SUSPICIOUS_MOVE = YES;
				CLANG_WARN_UNREACHABLE_CODE = YES;
				CLANG_WARN__DUPLICATE_METHOD_MATCH = YES;
				"CODE_SIGN_IDENTITY[sdk=iphoneos*]" = "iPhone Developer";
				COPY_PHASE_STRIP = NO;
				DEBUG_INFORMATION_FORMAT = "dwarf-with-dsym";
				ENABLE_NS_ASSERTIONS = NO;
				ENABLE_STRICT_OBJC_MSGSEND = YES;
				GCC_C_LANGUAGE_STANDARD = gnu99;
				GCC_NO_COMMON_BLOCKS = YES;
				GCC_WARN_64_TO_32_BIT_CONVERSION = YES;
				GCC_WARN_ABOUT_RETURN_TYPE = YES_ERROR;
				GCC_WARN_UNDECLARED_SELECTOR = YES;
				GCC_WARN_UNINITIALIZED_AUTOS = YES_AGGRESSIVE;
				GCC_WARN_UNUSED_FUNCTION = YES;
				GCC_WARN_UNUSED_VARIABLE = YES;
				IPHONEOS_DEPLOYMENT_TARGET = 10.2;
				MTL_ENABLE_DEBUG_INFO = NO;
				SDKROOT = iphoneos;
				SWIFT_OPTIMIZATION_LEVEL = "-Owholemodule";
				TARGETED_DEVICE_FAMILY = "1,2";
				VALIDATE_PRODUCT = YES;
			};
			name = Release;
		};
		F2D1C3561E65B6DE001F6BC2 /* Debug */ = {
			isa = XCBuildConfiguration;
			buildSettings = {
				ASSETCATALOG_COMPILER_APPICON_NAME = AppIcon;
				INFOPLIST_FILE = UnitTestingStudyPointExercise/Info.plist;
				LD_RUNPATH_SEARCH_PATHS = "$(inherited) @executable_path/Frameworks";
				PRODUCT_BUNDLE_IDENTIFIER = com.emilgras.UnitTestingStudyPointExercise;
				PRODUCT_NAME = "$(TARGET_NAME)";
				SWIFT_VERSION = 3.0;
			};
			name = Debug;
		};
		F2D1C3571E65B6DE001F6BC2 /* Release */ = {
			isa = XCBuildConfiguration;
			buildSettings = {
				ASSETCATALOG_COMPILER_APPICON_NAME = AppIcon;
				INFOPLIST_FILE = UnitTestingStudyPointExercise/Info.plist;
				LD_RUNPATH_SEARCH_PATHS = "$(inherited) @executable_path/Frameworks";
				PRODUCT_BUNDLE_IDENTIFIER = com.emilgras.UnitTestingStudyPointExercise;
				PRODUCT_NAME = "$(TARGET_NAME)";
				SWIFT_VERSION = 3.0;
			};
			name = Release;
		};
		F2D1C3591E65B6DE001F6BC2 /* Debug */ = {
			isa = XCBuildConfiguration;
			buildSettings = {
				ALWAYS_EMBED_SWIFT_STANDARD_LIBRARIES = YES;
				BUNDLE_LOADER = "$(TEST_HOST)";
				INFOPLIST_FILE = UnitTestingStudyPointExerciseTests/Info.plist;
				LD_RUNPATH_SEARCH_PATHS = "$(inherited) @executable_path/Frameworks @loader_path/Frameworks";
				PRODUCT_BUNDLE_IDENTIFIER = com.emilgras.UnitTestingStudyPointExerciseTests;
				PRODUCT_NAME = "$(TARGET_NAME)";
				SWIFT_VERSION = 3.0;
				TEST_HOST = "$(BUILT_PRODUCTS_DIR)/UnitTestingStudyPointExercise.app/UnitTestingStudyPointExercise";
			};
			name = Debug;
		};
		F2D1C35A1E65B6DE001F6BC2 /* Release */ = {
			isa = XCBuildConfiguration;
			buildSettings = {
				ALWAYS_EMBED_SWIFT_STANDARD_LIBRARIES = YES;
				BUNDLE_LOADER = "$(TEST_HOST)";
				INFOPLIST_FILE = UnitTestingStudyPointExerciseTests/Info.plist;
				LD_RUNPATH_SEARCH_PATHS = "$(inherited) @executable_path/Frameworks @loader_path/Frameworks";
				PRODUCT_BUNDLE_IDENTIFIER = com.emilgras.UnitTestingStudyPointExerciseTests;
				PRODUCT_NAME = "$(TARGET_NAME)";
				SWIFT_VERSION = 3.0;
				TEST_HOST = "$(BUILT_PRODUCTS_DIR)/UnitTestingStudyPointExercise.app/UnitTestingStudyPointExercise";
			};
			name = Release;
		};
/* End XCBuildConfiguration section */

/* Begin XCConfigurationList section */
		F2D1C3331E65B6DD001F6BC2 /* Build configuration list for PBXProject "UnitTestingStudyPointExercise" */ = {
			isa = XCConfigurationList;
			buildConfigurations = (
				F2D1C3531E65B6DE001F6BC2 /* Debug */,
				F2D1C3541E65B6DE001F6BC2 /* Release */,
			);
			defaultConfigurationIsVisible = 0;
			defaultConfigurationName = Release;
		};
		F2D1C3551E65B6DE001F6BC2 /* Build configuration list for PBXNativeTarget "UnitTestingStudyPointExercise" */ = {
			isa = XCConfigurationList;
			buildConfigurations = (
				F2D1C3561E65B6DE001F6BC2 /* Debug */,
				F2D1C3571E65B6DE001F6BC2 /* Release */,
			);
			defaultConfigurationIsVisible = 0;
		};
		F2D1C3581E65B6DE001F6BC2 /* Build configuration list for PBXNativeTarget "UnitTestingStudyPointExerciseTests" */ = {
			isa = XCConfigurationList;
			buildConfigurations = (
				F2D1C3591E65B6DE001F6BC2 /* Debug */,
				F2D1C35A1E65B6DE001F6BC2 /* Release */,
			);
			defaultConfigurationIsVisible = 0;
		};
/* End XCConfigurationList section */
	};
	rootObject = F2D1C3301E65B6DD001F6BC2 /* Project object */;
}
